# This file is autogenerated, do not edit; changes may be undone by the next 'dep ensure'.


[[projects]]
  branch = "master"
  digest = "1:6d027e5b4d64c07a3d01f7916253e0d9b403a383a4b716c08d4cab82f0637219"
  name = "github.com/ParaServices/errgo"
  packages = ["."]
  pruneopts = "UT"
  revision = "2125add2c84b294b68c9cf0a563b4cc1e6a40d13"

[[projects]]
  digest = "1:5f3ac6022c427c8ed3730ecef9aed088318f67a97af2d14e8035459003ea15e3"
  name = "github.com/ParaServices/gblcodes"
  packages = ["."]
  pruneopts = "UT"
  revision = "0e854d0b653ac48eced739167d2591817eb0ab1e"
  version = "v0.2.2"

[[projects]]
  branch = "master"
  digest = "1:f2c96e2396f864a4ffc7b7d40659e37284bfaba41bb6d9c058c32610d7efb8c5"
  name = "github.com/ParaServices/paralog"
  packages = ["."]
  pruneopts = "UT"
  revision = "20edf469dca3b70a8ecd223b70586f0874e6177c"

[[projects]]
  digest = "1:a2c1d0e43bd3baaa071d1b9ed72c27d78169b2b269f71c105ac4ba34b1be4a39"
  name = "github.com/davecgh/go-spew"
  packages = ["spew"]
  pruneopts = "UT"
  revision = "346938d642f2ec3594ed81d874461961cd0faa76"
  version = "v1.1.0"

[[projects]]
  digest = "1:8ef506fc2bb9ced9b151dafa592d4046063d744c646c1bbe801982ce87e4bc24"
  name = "github.com/lib/pq"
  packages = [
    ".",
    "oid",
  ]
  pruneopts = "UT"
  revision = "4ded0e9383f75c197b3a2aaa6d590ac52df6fd79"
  version = "v1.0.0"

[[projects]]
  branch = "master"
  digest = "1:e986f3933c31ec24ed2ed876f19250a0fcfa977b6ecc36c8222f1f2d6e2ebb37"
  name = "github.com/magicalbanana/dbal"
  packages = [
    ".",
    "sqltmpl",
  ]
  pruneopts = "UT"
  revision = "2247db098e09ad2d9246106c058c276617c4c63f"

[[projects]]
  branch = "master"
  digest = "1:d092d3024ea282c6757811be37c48e76b43441aa939147c6885c95101a9af585"
  name = "github.com/magicalbanana/errorx"
  packages = ["."]
  pruneopts = "UT"
  revision = "1b41c6533dc4457248bb7c1c8033b3e0999eb8b2"

[[projects]]
  digest = "1:c3cd663f2f30b92536b9f290ac85c6310dae36a14cb8961553ae9ccf0d85ae41"
  name = "github.com/nats-io/nuid"
  packages = ["."]
  pruneopts = "UT"
  revision = "289cccf02c178dc782430d534e3c1f5b72af807f"
  version = "v1.0.0"

[[projects]]
  digest = "1:0028cb19b2e4c3112225cd871870f2d9cf49b9b4276531f03438a88e94be86fe"
  name = "github.com/pmezard/go-difflib"
  packages = ["difflib"]
  pruneopts = "UT"
  revision = "792786c7400a136282c1664665ae0a8db921c6c2"
  version = "v1.0.0"

[[projects]]
  digest = "1:274f67cb6fed9588ea2521ecdac05a6d62a8c51c074c1fccc6a49a40ba80e925"
  name = "github.com/satori/go.uuid"
  packages = ["."]
  pruneopts = "UT"
  revision = "f58768cc1a7a7e77a3bd49e98cdd21419399b6a3"
  version = "v1.2.0"

[[projects]]
  branch = "master"
  digest = "1:0c088044c1c1ee83e723692442df4fec9b3f2e57f7a99773485c97adfbc31695"
  name = "github.com/streadway/amqp"
  packages = ["."]
  pruneopts = "UT"
  revision = "70e15c650864f4fc47f5d3c82ea117285480895d"

[[projects]]
  digest = "1:f85e109eda8f6080877185d1c39e98dd8795e1780c08beca28304b87fd855a1c"
  name = "github.com/stretchr/testify"
  packages = ["assert"]
  pruneopts = "UT"
  revision = "12b6f73e6084dad08a7c6e575284b177ecafbc71"
  version = "v1.2.1"

[[projects]]
  branch = "master"
  digest = "1:f4e5276a3b356f4692107047fd2890f2fe534f4feeb6b1fd2f6dfbd87f1ccf54"
  name = "github.com/xeipuuv/gojsonpointer"
  packages = ["."]
  pruneopts = "UT"
  revision = "4e3ac2762d5f479393488629ee9370b50873b3a6"

[[projects]]
  branch = "master"
  digest = "1:dc6a6c28ca45d38cfce9f7cb61681ee38c5b99ec1425339bfc1e1a7ba769c807"
  name = "github.com/xeipuuv/gojsonreference"
  packages = ["."]
  pruneopts = "UT"
  revision = "bd5ef7bd5415a7ac448318e64f11a24cd21e594b"

[[projects]]
  digest = "1:1c898ea6c30c16e8d55fdb6fe44c4bee5f9b7d68aa260cfdfc3024491dcc7bea"
  name = "github.com/xeipuuv/gojsonschema"
  packages = ["."]
  pruneopts = "UT"
  revision = "f971f3cd73b2899de6923801c147f075263e0c50"
  version = "v1.1.0"

[[projects]]
  digest = "1:3c1a69cdae3501bf75e76d0d86dc6f2b0a7421bc205c0cb7b96b19eed464a34d"
  name = "go.uber.org/atomic"
  packages = ["."]
  pruneopts = "UT"
  revision = "1ea20fb1cbb1cc08cbd0d913a96dead89aa18289"
  version = "v1.3.2"

[[projects]]
  digest = "1:60bf2a5e347af463c42ed31a493d817f8a72f102543060ed992754e689805d1a"
  name = "go.uber.org/multierr"
  packages = ["."]
  pruneopts = "UT"
  revision = "3c4937480c32f4c13a875a1829af76c98ca3d40a"
  version = "v1.1.0"

[[projects]]
  digest = "1:c52caf7bd44f92e54627a31b85baf06a68333a196b3d8d241480a774733dcf8b"
  name = "go.uber.org/zap"
  packages = [
    ".",
    "buffer",
    "internal/bufferpool",
    "internal/color",
    "internal/exit",
    "zapcore",
  ]
  pruneopts = "UT"
  revision = "ff33455a0e382e8a81d14dd7c922020b6b5e7982"
  version = "v1.9.1"

[[projects]]
  branch = "master"
  digest = "1:57627d6062d33f4df7476ed2338b12f3455607a722de699faf5151b233fd4245"
  name = "golang.org/x/net"
  packages = [
    "webdav",
    "webdav/internal/xml",
  ]
  pruneopts = "UT"
  revision = "15845e8f865bdabdefb6e7da65b4d9e8de5e94ef"

[[projects]]
  branch = "master"
  digest = "1:12448e4f1cb1fa86d3af3e814577d37881b1a3d3472168aba15bc7330c6e486b"
  name = "google.golang.org/api"
  packages = [
    "googleapi",
    "googleapi/internal/uritemplates",
  ]
  pruneopts = "UT"
  revision = "f5c49d98d21cc639f7ba8c7e4b127e88ee2af7ed"

[solve-meta]
  analyzer-name = "dep"
  analyzer-version = 1
  input-imports = [
    "github.com/ParaServices/errgo",
    "github.com/ParaServices/gblcodes",
    "github.com/ParaServices/paralog",
    "github.com/magicalbanana/dbal",
    "github.com/satori/go.uuid",
    "github.com/stretchr/testify/assert",
    "github.com/xeipuuv/gojsonschema",
    "go.uber.org/zap/zapcore",
    "golang.org/x/net/webdav",
  ]
  solver-name = "gps-cdcl"
  solver-version = 1
